
Microsoft Visual Studio Solution File, Format Version 12.00
# Visual Studio Version 16
VisualStudioVersion = 16.0.29215.179
MinimumVisualStudioVersion = 10.0.40219.1
Project("{9A19103F-16F7-4668-BE54-9A1E7A4F7556}") = "Algorithms.Dijkstra", "Algorithms.Dijkstra\Algorithms.Dijkstra.csproj", "{A143EF91-86DB-4743-894D-CF127E454D3E}"
EndProject
Project("{FAE04EC0-301F-11D3-BF4B-00C04F79EFBC}") = "Algorithms.Dijkstra.Tests", "Algorithms.Dijkstra.Tests\Algorithms.Dijkstra.Tests.csproj", "{C144DF33-2067-47BA-88DE-8630781071E6}"
EndProject
Global
	GlobalSection(SolutionConfigurationPlatforms) = preSolution
		Debug|Any CPU = Debug|Any CPU
		Release|Any CPU = Release|Any CPU
	EndGlobalSection
	GlobalSection(ProjectConfigurationPlatforms) = postSolution
		{A143EF91-86DB-4743-894D-CF127E454D3E}.Debug|Any CPU.ActiveCfg = Debug|Any CPU
		{A143EF91-86DB-4743-894D-CF127E454D3E}.Debug|Any CPU.Build.0 = Debug|Any CPU
		{A143EF91-86DB-4743-894D-CF127E454D3E}.Release|Any CPU.ActiveCfg = Release|Any CPU
		{A143EF91-86DB-4743-894D-CF127E454D3E}.Release|Any CPU.Build.0 = Release|Any CPU
		{C144DF33-2067-47BA-88DE-8630781071E6}.Debug|Any CPU.ActiveCfg = Debug|Any CPU
		{C144DF33-2067-47BA-88DE-8630781071E6}.Debug|Any CPU.Build.0 = Debug|Any CPU
		{C144DF33-2067-47BA-88DE-8630781071E6}.Release|Any CPU.ActiveCfg = Release|Any CPU
		{C144DF33-2067-47BA-88DE-8630781071E6}.Release|Any CPU.Build.0 = Release|Any CPU
	EndGlobalSection
	GlobalSection(SolutionProperties) = preSolution
		HideSolutionNode = FALSE
	EndGlobalSection
	GlobalSection(ExtensibilityGlobals) = postSolution
		SolutionGuid = {09FB4DA5-DB61-4C5F-B8F1-FF75C9E54934}
	EndGlobalSection
EndGlobal
